
Microsoft Visual Studio Solution File, Format Version 12.00
# Visual Studio Version 16
VisualStudioVersion = 16.0.28922.388
MinimumVisualStudioVersion = 10.0.40219.1
Project("{9A19103F-16F7-4668-BE54-9A1E7A4F7556}") = "TestCsAllInOne", "TestCsAllInOne.csproj", "{C05B508D-A70F-4039-81E8-5153C98F8E73}"
EndProject
Global
	GlobalSection(SolutionConfigurationPlatforms) = preSolution
		Debug|Any CPU = Debug|Any CPU
		Debug|x64 = Debug|x64
		Release|Any CPU = Release|Any CPU
		Release|x64 = Release|x64
	EndGlobalSection
	GlobalSection(ProjectConfigurationPlatforms) = postSolution
		{C05B508D-A70F-4039-81E8-5153C98F8E73}.Debug|Any CPU.ActiveCfg = Debug|Any CPU
		{C05B508D-A70F-4039-81E8-5153C98F8E73}.Debug|Any CPU.Build.0 = Debug|Any CPU
		{C05B508D-A70F-4039-81E8-5153C98F8E73}.Debug|x64.ActiveCfg = Debug|x64
		{C05B508D-A70F-4039-81E8-5153C98F8E73}.Debug|x64.Build.0 = Debug|x64
		{C05B508D-A70F-4039-81E8-5153C98F8E73}.Release|Any CPU.ActiveCfg = Release|Any CPU
		{C05B508D-A70F-4039-81E8-5153C98F8E73}.Release|Any CPU.Build.0 = Release|Any CPU
		{C05B508D-A70F-4039-81E8-5153C98F8E73}.Release|x64.ActiveCfg = Release|x64
		{C05B508D-A70F-4039-81E8-5153C98F8E73}.Release|x64.Build.0 = Release|x64
	EndGlobalSection
	GlobalSection(SolutionProperties) = preSolution
		HideSolutionNode = FALSE
	EndGlobalSection
	GlobalSection(ExtensibilityGlobals) = postSolution
		SolutionGuid = {4EB800BA-84AF-42C1-9406-36BB2B5EB532}
	EndGlobalSection
EndGlobal
