<?xml version="1.0" encoding="utf-8"?>
<Project ToolsVersion="4.0" xmlns="http://schemas.microsoft.com/developer/msbuild/2003">
  <ItemGroup>
    <Filter Include="Source Files">
      <UniqueIdentifier>{4FC737F1-C7A5-4376-A066-2A32D752A2FF}</UniqueIdentifier>
      <Extensions>cpp;c;cc;cxx;def;odl;idl;hpj;bat;asm;asmx</Extensions>
    </Filter>
    <Filter Include="Header Files">
      <UniqueIdentifier>{93995380-89BD-4b04-88EB-625FBE52EBFB}</UniqueIdentifier>
      <Extensions>h;hh;hpp;hxx;hm;inl;inc;ipp;xsd</Extensions>
    </Filter>
    <Filter Include="Resource Files">
      <UniqueIdentifier>{67DA6AB6-F800-4c08-8B7A-83BB121AAD01}</UniqueIdentifier>
      <Extensions>rc;ico;cur;bmp;dlg;rc2;rct;bin;rgs;gif;jpg;jpeg;jpe;resx;tiff;tif;png;wav;mfcribbon-ms</Extensions>
    </Filter>
    <Filter Include="MySource">
      <UniqueIdentifier>{942f30c9-ea17-4f0d-9a64-3842fe01085e}</UniqueIdentifier>
    </Filter>
  </ItemGroup>
  <ItemGroup>
    <ClInclude Include="stdafx.h">
      <Filter>Header Files</Filter>
    </ClInclude>
    <ClInclude Include="targetver.h">
      <Filter>Header Files</Filter>
    </ClInclude>
    <ClInclude Include="TimeWait.h">
      <Filter>MySource</Filter>
    </ClInclude>
    <ClInclude Include="TestThread.h">
      <Filter>MySource</Filter>
    </ClInclude>
    <ClInclude Include="TestStdCV.h">
      <Filter>MySource</Filter>
    </ClInclude>
    <ClInclude Include="TestFwd.h">
      <Filter>MySource</Filter>
    </ClInclude>
    <ClInclude Include="TestTemplate.h">
      <Filter>MySource</Filter>
    </ClInclude>
    <ClInclude Include="MaxIncSeq.h">
      <Filter>MySource</Filter>
    </ClInclude>
    <ClInclude Include="log.h">
      <Filter>MySource</Filter>
    </ClInclude>
    <ClInclude Include="RandFill.h">
      <Filter>MySource</Filter>
    </ClInclude>
    <ClInclude Include="testsprintf.h">
      <Filter>MySource</Filter>
    </ClInclude>
    <ClInclude Include="GetWin32ErrorString.h">
      <Filter>MySource</Filter>
    </ClInclude>
    <ClInclude Include="testUriChar.h">
      <Filter>MySource</Filter>
    </ClInclude>
    <ClInclude Include="test_array_in_strut_addr.h">
      <Filter>MySource</Filter>
    </ClInclude>
    <ClInclude Include="GetFileCreationRelativeFile.h">
      <Filter>MySource</Filter>
    </ClInclude>
    <ClInclude Include="code_block.h">
      <Filter>MySource</Filter>
    </ClInclude>
  </ItemGroup>
  <ItemGroup>
    <ClCompile Include="stdafx.cpp">
      <Filter>Source Files</Filter>
    </ClCompile>
    <ClCompile Include="testCpp.cpp">
      <Filter>Source Files</Filter>
    </ClCompile>
    <ClCompile Include="TestStdCV.cpp">
      <Filter>MySource</Filter>
    </ClCompile>
    <ClCompile Include="TestFwd.cpp">
      <Filter>MySource</Filter>
    </ClCompile>
    <ClCompile Include="TestTemplate.cpp">
      <Filter>MySource</Filter>
    </ClCompile>
    <ClCompile Include="log.cpp">
      <Filter>MySource</Filter>
    </ClCompile>
    <ClCompile Include="RandFill.cpp">
      <Filter>MySource</Filter>
    </ClCompile>
    <ClCompile Include="MaxIncSeq.cpp">
      <Filter>MySource</Filter>
    </ClCompile>
    <ClCompile Include="TestThread.cpp">
      <Filter>MySource</Filter>
    </ClCompile>
    <ClCompile Include="TimeWait.cpp">
      <Filter>MySource</Filter>
    </ClCompile>
    <ClCompile Include="testsprintf.cpp">
      <Filter>MySource</Filter>
    </ClCompile>
    <ClCompile Include="GetWin32ErrorString.cpp">
      <Filter>MySource</Filter>
    </ClCompile>
    <ClCompile Include="testUriChar.cpp">
      <Filter>MySource</Filter>
    </ClCompile>
    <ClCompile Include="test_array_in_strut_addr.cpp">
      <Filter>MySource</Filter>
    </ClCompile>
    <ClCompile Include="GetFileCreationRelativeFile.cpp">
      <Filter>MySource</Filter>
    </ClCompile>
  </ItemGroup>
</Project>