<?xml version="1.0" encoding="utf-8"?>
<Project ToolsVersion="4.0" xmlns="http://schemas.microsoft.com/developer/msbuild/2003">
  <ItemGroup>
    <Filter Include="Source Files">
      <UniqueIdentifier>{eb2ed62a-0df9-4eb9-b96d-2f519c62de87}</UniqueIdentifier>
    </Filter>
    <Filter Include="Generated Files">
      <UniqueIdentifier>{a06c1b11-0a38-467b-a54b-0c7edbed94da}</UniqueIdentifier>
      <SourceControlFiles>False</SourceControlFiles>
    </Filter>
  </ItemGroup>
  <ItemGroup>
    <None Include="Apartmentps.def" />
  </ItemGroup>
  <ItemGroup>
    <ClCompile Include="Apartment_i.c">
      <Filter>Generated Files</Filter>
    </ClCompile>
    <ClCompile Include="Apartment_p.c">
      <Filter>Generated Files</Filter>
    </ClCompile>
    <ClCompile Include="dlldata.c">
      <Filter>Generated Files</Filter>
    </ClCompile>
  </ItemGroup>
</Project>