<?xml version="1.0" encoding="utf-8"?>
<Project ToolsVersion="4.0" xmlns="http://schemas.microsoft.com/developer/msbuild/2003">
  <ItemGroup>
    <Filter Include="Source Files">
      <UniqueIdentifier>{a6c0818b-7a9a-4042-9bce-021a398af51f}</UniqueIdentifier>
    </Filter>
    <Filter Include="Generated Files">
      <UniqueIdentifier>{8e901c7f-6f12-451f-a6ef-5a00a2f736ac}</UniqueIdentifier>
      <SourceControlFiles>False</SourceControlFiles>
    </Filter>
  </ItemGroup>
  <ItemGroup>
    <None Include="ServerDiskVolumeInfops.def" />
  </ItemGroup>
  <ItemGroup>
    <ClCompile Include="ServerDiskVolumeInfo_i.c">
      <Filter>Generated Files</Filter>
    </ClCompile>
    <ClCompile Include="ServerDiskVolumeInfo_p.c">
      <Filter>Generated Files</Filter>
    </ClCompile>
    <ClCompile Include="dlldata.c">
      <Filter>Generated Files</Filter>
    </ClCompile>
  </ItemGroup>
</Project>