<?xml version="1.0" encoding="utf-8"?>
<Project ToolsVersion="4.0" xmlns="http://schemas.microsoft.com/developer/msbuild/2003">
  <ItemGroup>
    <Filter Include="Source Files">
      <UniqueIdentifier>{4FC737F1-C7A5-4376-A066-2A32D752A2FF}</UniqueIdentifier>
      <Extensions>cpp;c;cc;cxx;def;odl;idl;hpj;bat;asm;asmx</Extensions>
    </Filter>
    <Filter Include="Header Files">
      <UniqueIdentifier>{93995380-89BD-4b04-88EB-625FBE52EBFB}</UniqueIdentifier>
      <Extensions>h;hh;hpp;hxx;hm;inl;inc;ipp;xsd</Extensions>
    </Filter>
    <Filter Include="Resource Files">
      <UniqueIdentifier>{67DA6AB6-F800-4c08-8B7A-83BB121AAD01}</UniqueIdentifier>
      <Extensions>rc;ico;cur;bmp;dlg;rc2;rct;bin;rgs;gif;jpg;jpeg;jpe;resx;tiff;tif;png;wav;mfcribbon-ms</Extensions>
    </Filter>
    <Filter Include="MySource">
      <UniqueIdentifier>{a6bae80f-df3c-4127-a54c-3bbd911ca591}</UniqueIdentifier>
    </Filter>
  </ItemGroup>
  <ItemGroup>
    <ClInclude Include="stdafx.h">
      <Filter>Header Files</Filter>
    </ClInclude>
    <ClInclude Include="targetver.h">
      <Filter>Header Files</Filter>
    </ClInclude>
    <ClInclude Include="ReverseNodesK.h">
      <Filter>MySource</Filter>
    </ClInclude>
    <ClInclude Include="ReverseNodesK2.h">
      <Filter>MySource</Filter>
    </ClInclude>
    <ClInclude Include="TestObjLocalScope.h">
      <Filter>MySource</Filter>
    </ClInclude>
    <ClInclude Include="ReverseSList.h">
      <Filter>MySource</Filter>
    </ClInclude>
    <ClInclude Include="ShortestPalindrome.h">
      <Filter>MySource</Filter>
    </ClInclude>
    <ClInclude Include="CalcSum.h">
      <Filter>MySource</Filter>
    </ClInclude>
    <ClInclude Include="CreateFullPathFile.h">
      <Filter>MySource</Filter>
    </ClInclude>
    <ClInclude Include="codeBlock.h">
      <Filter>MySource</Filter>
    </ClInclude>
    <ClInclude Include="StdForwarMmove.h">
      <Filter>MySource</Filter>
    </ClInclude>
    <ClInclude Include="test_rvaluee_ref.h">
      <Filter>MySource</Filter>
    </ClInclude>
  </ItemGroup>
  <ItemGroup>
    <ClCompile Include="stdafx.cpp">
      <Filter>Source Files</Filter>
    </ClCompile>
    <ClCompile Include="TestCpp2.cpp">
      <Filter>Source Files</Filter>
    </ClCompile>
    <ClCompile Include="ReverseNodesK.cpp">
      <Filter>MySource</Filter>
    </ClCompile>
    <ClCompile Include="ReverseNodesK2.cpp">
      <Filter>MySource</Filter>
    </ClCompile>
    <ClCompile Include="TestObjLocalScope.cpp">
      <Filter>MySource</Filter>
    </ClCompile>
    <ClCompile Include="ReverseSList.cpp">
      <Filter>MySource</Filter>
    </ClCompile>
    <ClCompile Include="ShortestPalindrome.cpp">
      <Filter>MySource</Filter>
    </ClCompile>
    <ClCompile Include="CalcSum.cpp">
      <Filter>MySource</Filter>
    </ClCompile>
    <ClCompile Include="CreateFullPathFile.cpp">
      <Filter>MySource</Filter>
    </ClCompile>
    <ClCompile Include="StdForwarMmove.cpp">
      <Filter>MySource</Filter>
    </ClCompile>
    <ClCompile Include="test_rvaluee_ref.cpp">
      <Filter>MySource</Filter>
    </ClCompile>
  </ItemGroup>
</Project>