<?xml version="1.0" encoding="utf-8"?>
<Project ToolsVersion="4.0" xmlns="http://schemas.microsoft.com/developer/msbuild/2003">
  <ItemGroup>
    <Filter Include="Source Files">
      <UniqueIdentifier>{d7a70e89-0649-4c69-ace1-7fedc59b338d}</UniqueIdentifier>
    </Filter>
    <Filter Include="Generated Files">
      <UniqueIdentifier>{ba656440-972d-434c-9076-7dc260114091}</UniqueIdentifier>
      <SourceControlFiles>False</SourceControlFiles>
    </Filter>
  </ItemGroup>
  <ItemGroup>
    <None Include="ServerVssLayerps.def" />
  </ItemGroup>
  <ItemGroup>
    <ClCompile Include="ServerVssLayer_i.c">
      <Filter>Generated Files</Filter>
    </ClCompile>
    <ClCompile Include="ServerVssLayer_p.c">
      <Filter>Generated Files</Filter>
    </ClCompile>
    <ClCompile Include="dlldata.c">
      <Filter>Generated Files</Filter>
    </ClCompile>
  </ItemGroup>
</Project>