<?xml version="1.0" encoding="utf-8"?>
<Project ToolsVersion="4.0" xmlns="http://schemas.microsoft.com/developer/msbuild/2003">
  <ItemGroup>
    <Filter Include="Source Files">
      <UniqueIdentifier>{4FC737F1-C7A5-4376-A066-2A32D752A2FF}</UniqueIdentifier>
      <Extensions>cpp;c;cc;cxx;def;odl;idl;hpj;bat;asm;asmx</Extensions>
    </Filter>
    <Filter Include="Header Files">
      <UniqueIdentifier>{93995380-89BD-4b04-88EB-625FBE52EBFB}</UniqueIdentifier>
      <Extensions>h;hh;hpp;hxx;hm;inl;inc;xsd</Extensions>
    </Filter>
    <Filter Include="Resource Files">
      <UniqueIdentifier>{67DA6AB6-F800-4c08-8B7A-83BB121AAD01}</UniqueIdentifier>
      <Extensions>rc;ico;cur;bmp;dlg;rc2;rct;bin;rgs;gif;jpg;jpeg;jpe;resx;tiff;tif;png;wav;mfcribbon-ms</Extensions>
    </Filter>
    <Filter Include="MySource">
      <UniqueIdentifier>{fc37901b-a8f5-4c64-b7be-33ab6f1e98b8}</UniqueIdentifier>
    </Filter>
  </ItemGroup>
  <ItemGroup>
    <Text Include="ReadMe.txt" />
  </ItemGroup>
  <ItemGroup>
    <ClInclude Include="stdafx.h">
      <Filter>Header Files</Filter>
    </ClInclude>
    <ClInclude Include="targetver.h">
      <Filter>Header Files</Filter>
    </ClInclude>
    <ClInclude Include="Cabinet.hpp">
      <Filter>MySource</Filter>
    </ClInclude>
    <ClInclude Include="Blowfish.hpp">
      <Filter>MySource</Filter>
    </ClInclude>
    <ClInclude Include="Cache.hpp">
      <Filter>MySource</Filter>
    </ClInclude>
    <ClInclude Include="Compress.hpp">
      <Filter>MySource</Filter>
    </ClInclude>
    <ClInclude Include="Defines.h">
      <Filter>MySource</Filter>
    </ClInclude>
    <ClInclude Include="Error.hpp">
      <Filter>MySource</Filter>
    </ClInclude>
    <ClInclude Include="Extract.hpp">
      <Filter>MySource</Filter>
    </ClInclude>
    <ClInclude Include="ExtractMemory.hpp">
      <Filter>MySource</Filter>
    </ClInclude>
    <ClInclude Include="ExtractResource.hpp">
      <Filter>MySource</Filter>
    </ClInclude>
    <ClInclude Include="ExtractStream.hpp">
      <Filter>MySource</Filter>
    </ClInclude>
    <ClInclude Include="ExtractUrl.hpp">
      <Filter>MySource</Filter>
    </ClInclude>
    <ClInclude Include="File.hpp">
      <Filter>MySource</Filter>
    </ClInclude>
    <ClInclude Include="Internet.hpp">
      <Filter>MySource</Filter>
    </ClInclude>
    <ClInclude Include="Map.hpp">
      <Filter>MySource</Filter>
    </ClInclude>
    <ClInclude Include="Static.hpp">
      <Filter>MySource</Filter>
    </ClInclude>
    <ClInclude Include="String.hpp">
      <Filter>MySource</Filter>
    </ClInclude>
    <ClInclude Include="Trace.hpp">
      <Filter>MySource</Filter>
    </ClInclude>
    <ClInclude Include="resource.h">
      <Filter>Header Files</Filter>
    </ClInclude>
  </ItemGroup>
  <ItemGroup>
    <ClCompile Include="stdafx.cpp">
      <Filter>Source Files</Filter>
    </ClCompile>
    <ClCompile Include="CabinetMagager.cpp">
      <Filter>Source Files</Filter>
    </ClCompile>
    <ClCompile Include="Cabinet.cpp">
      <Filter>MySource</Filter>
    </ClCompile>
    <ClCompile Include="Static.cpp">
      <Filter>MySource</Filter>
    </ClCompile>
  </ItemGroup>
  <ItemGroup>
    <ResourceCompile Include="CabinetMagager.rc">
      <Filter>Resource Files</Filter>
    </ResourceCompile>
  </ItemGroup>
</Project>